// !$*UTF8*$!
{
	archiveVersion = 1;
	classes = {
	};
	objectVersion = 56;
	objects = {

/* Begin PBXBuildFile section */
		805581952BEDCE9A00C35551 /* ImageUploader.swift in Sources */ = {isa = PBXBuildFile; fileRef = 805581942BEDCE9A00C35551 /* ImageUploader.swift */; };
		805581972BEDD1FA00C35551 /* UserService.swift in Sources */ = {isa = PBXBuildFile; fileRef = 805581962BEDD1FA00C35551 /* UserService.swift */; };
		805FE5BF2BEDBF21009E83BB /* CircularProfileImageView.swift in Sources */ = {isa = PBXBuildFile; fileRef = 805FE5BE2BEDBF21009E83BB /* CircularProfileImageView.swift */; };
		805FE5C12BEDC1AC009E83BB /* EditProfileViewModel.swift in Sources */ = {isa = PBXBuildFile; fileRef = 805FE5C02BEDC1AC009E83BB /* EditProfileViewModel.swift */; };
		806B31AA2BECD8BA00BB816B /* ProfileView.swift in Sources */ = {isa = PBXBuildFile; fileRef = 806B31A92BECD8BA00BB816B /* ProfileView.swift */; };
		806B31AC2BECD8F400BB816B /* ProfileRowView.swift in Sources */ = {isa = PBXBuildFile; fileRef = 806B31AB2BECD8F400BB816B /* ProfileRowView.swift */; };
		806B31AE2BECD93200BB816B /* EditProfileView.swift in Sources */ = {isa = PBXBuildFile; fileRef = 806B31AD2BECD93200BB816B /* EditProfileView.swift */; };
		C62C3E3F2BE0902600F0B800 /* bankAppApp.swift in Sources */ = {isa = PBXBuildFile; fileRef = C62C3E3E2BE0902600F0B800 /* bankAppApp.swift */; };
		C62C3E412BE0902600F0B800 /* LoginView.swift in Sources */ = {isa = PBXBuildFile; fileRef = C62C3E402BE0902600F0B800 /* LoginView.swift */; };
		C62C3E432BE0902A00F0B800 /* Assets.xcassets in Resources */ = {isa = PBXBuildFile; fileRef = C62C3E422BE0902A00F0B800 /* Assets.xcassets */; };
		C62C3E462BE0902A00F0B800 /* Preview Assets.xcassets in Resources */ = {isa = PBXBuildFile; fileRef = C62C3E452BE0902A00F0B800 /* Preview Assets.xcassets */; };
		C62C3E542BE26FBC00F0B800 /* InputsView.swift in Sources */ = {isa = PBXBuildFile; fileRef = C62C3E532BE26FBC00F0B800 /* InputsView.swift */; };
		C62C3E5A2BE2761500F0B800 /* RegistrationView.swift in Sources */ = {isa = PBXBuildFile; fileRef = C62C3E592BE2761500F0B800 /* RegistrationView.swift */; };
		C62C3E602BE27C2F00F0B800 /* GoogleService-Info.plist in Resources */ = {isa = PBXBuildFile; fileRef = C62C3E5F2BE27C2F00F0B800 /* GoogleService-Info.plist */; };
		C62C3E632BE27D9100F0B800 /* FirebaseAuth in Frameworks */ = {isa = PBXBuildFile; productRef = C62C3E622BE27D9100F0B800 /* FirebaseAuth */; };
		C62C3E652BE27D9100F0B800 /* FirebaseFirestore in Frameworks */ = {isa = PBXBuildFile; productRef = C62C3E642BE27D9100F0B800 /* FirebaseFirestore */; };
		C62C3E672BE27D9100F0B800 /* FirebaseFirestoreSwift in Frameworks */ = {isa = PBXBuildFile; productRef = C62C3E662BE27D9100F0B800 /* FirebaseFirestoreSwift */; };
		C62C3E692BE27D9100F0B800 /* FirebaseFunctions in Frameworks */ = {isa = PBXBuildFile; productRef = C62C3E682BE27D9100F0B800 /* FirebaseFunctions */; };
		C62C3E6B2BE27D9100F0B800 /* FirebaseInstallations in Frameworks */ = {isa = PBXBuildFile; productRef = C62C3E6A2BE27D9100F0B800 /* FirebaseInstallations */; };
		C62C3E6D2BE27D9100F0B800 /* FirebaseStorage in Frameworks */ = {isa = PBXBuildFile; productRef = C62C3E6C2BE27D9100F0B800 /* FirebaseStorage */; };
		C62C3E6F2BE27E2100F0B800 /* AuthViewModel.swift in Sources */ = {isa = PBXBuildFile; fileRef = C62C3E6E2BE27E2100F0B800 /* AuthViewModel.swift */; };
		C62C3E712BE27F6E00F0B800 /* User.swift in Sources */ = {isa = PBXBuildFile; fileRef = C62C3E702BE27F6E00F0B800 /* User.swift */; };
		C62C3E732BE28ABA00F0B800 /* TempDashboardView.swift in Sources */ = {isa = PBXBuildFile; fileRef = C62C3E722BE28ABA00F0B800 /* TempDashboardView.swift */; };
/* End PBXBuildFile section */

/* Begin PBXFileReference section */
		805581942BEDCE9A00C35551 /* ImageUploader.swift */ = {isa = PBXFileReference; lastKnownFileType = sourcecode.swift; path = ImageUploader.swift; sourceTree = "<group>"; };
		805581962BEDD1FA00C35551 /* UserService.swift */ = {isa = PBXFileReference; lastKnownFileType = sourcecode.swift; path = UserService.swift; sourceTree = "<group>"; };
		805FE5BE2BEDBF21009E83BB /* CircularProfileImageView.swift */ = {isa = PBXFileReference; lastKnownFileType = sourcecode.swift; path = CircularProfileImageView.swift; sourceTree = "<group>"; };
		805FE5C02BEDC1AC009E83BB /* EditProfileViewModel.swift */ = {isa = PBXFileReference; lastKnownFileType = sourcecode.swift; path = EditProfileViewModel.swift; sourceTree = "<group>"; };
		806B31A92BECD8BA00BB816B /* ProfileView.swift */ = {isa = PBXFileReference; lastKnownFileType = sourcecode.swift; path = ProfileView.swift; sourceTree = "<group>"; };
		806B31AB2BECD8F400BB816B /* ProfileRowView.swift */ = {isa = PBXFileReference; lastKnownFileType = sourcecode.swift; path = ProfileRowView.swift; sourceTree = "<group>"; };
		806B31AD2BECD93200BB816B /* EditProfileView.swift */ = {isa = PBXFileReference; lastKnownFileType = sourcecode.swift; path = EditProfileView.swift; sourceTree = "<group>"; };
		C62C3E3B2BE0902600F0B800 /* bankApp.app */ = {isa = PBXFileReference; explicitFileType = wrapper.application; includeInIndex = 0; path = bankApp.app; sourceTree = BUILT_PRODUCTS_DIR; };
		C62C3E3E2BE0902600F0B800 /* bankAppApp.swift */ = {isa = PBXFileReference; lastKnownFileType = sourcecode.swift; path = bankAppApp.swift; sourceTree = "<group>"; };
		C62C3E402BE0902600F0B800 /* LoginView.swift */ = {isa = PBXFileReference; lastKnownFileType = sourcecode.swift; path = LoginView.swift; sourceTree = "<group>"; };
		C62C3E422BE0902A00F0B800 /* Assets.xcassets */ = {isa = PBXFileReference; lastKnownFileType = folder.assetcatalog; path = Assets.xcassets; sourceTree = "<group>"; };
		C62C3E452BE0902A00F0B800 /* Preview Assets.xcassets */ = {isa = PBXFileReference; lastKnownFileType = folder.assetcatalog; path = "Preview Assets.xcassets"; sourceTree = "<group>"; };
		C62C3E532BE26FBC00F0B800 /* InputsView.swift */ = {isa = PBXFileReference; lastKnownFileType = sourcecode.swift; path = InputsView.swift; sourceTree = "<group>"; };
		C62C3E592BE2761500F0B800 /* RegistrationView.swift */ = {isa = PBXFileReference; lastKnownFileType = sourcecode.swift; path = RegistrationView.swift; sourceTree = "<group>"; };
		C62C3E5F2BE27C2F00F0B800 /* GoogleService-Info.plist */ = {isa = PBXFileReference; fileEncoding = 4; lastKnownFileType = text.plist.xml; path = "GoogleService-Info.plist"; sourceTree = "<group>"; };
		C62C3E6E2BE27E2100F0B800 /* AuthViewModel.swift */ = {isa = PBXFileReference; lastKnownFileType = sourcecode.swift; path = AuthViewModel.swift; sourceTree = "<group>"; };
		C62C3E702BE27F6E00F0B800 /* User.swift */ = {isa = PBXFileReference; lastKnownFileType = sourcecode.swift; path = User.swift; sourceTree = "<group>"; };
		C62C3E722BE28ABA00F0B800 /* TempDashboardView.swift */ = {isa = PBXFileReference; lastKnownFileType = sourcecode.swift; path = TempDashboardView.swift; sourceTree = "<group>"; };
/* End PBXFileReference section */

/* Begin PBXFrameworksBuildPhase section */
		C62C3E382BE0902600F0B800 /* Frameworks */ = {
			isa = PBXFrameworksBuildPhase;
			buildActionMask = 2147483647;
			files = (
				C62C3E632BE27D9100F0B800 /* FirebaseAuth in Frameworks */,
				C62C3E652BE27D9100F0B800 /* FirebaseFirestore in Frameworks */,
				C62C3E672BE27D9100F0B800 /* FirebaseFirestoreSwift in Frameworks */,
				C62C3E692BE27D9100F0B800 /* FirebaseFunctions in Frameworks */,
				C62C3E6B2BE27D9100F0B800 /* FirebaseInstallations in Frameworks */,
				C62C3E6D2BE27D9100F0B800 /* FirebaseStorage in Frameworks */,
			);
			runOnlyForDeploymentPostprocessing = 0;
		};
/* End PBXFrameworksBuildPhase section */

/* Begin PBXGroup section */
		805581932BEDCE8600C35551 /* Services */ = {
			isa = PBXGroup;
			children = (
				805581942BEDCE9A00C35551 /* ImageUploader.swift */,
				805581962BEDD1FA00C35551 /* UserService.swift */,
			);
			path = Services;
			sourceTree = "<group>";
		};
		C62C3E322BE0902600F0B800 = {
			isa = PBXGroup;
			children = (
				C62C3E3D2BE0902600F0B800 /* bankApp */,
				C62C3E3C2BE0902600F0B800 /* Products */,
			);
			sourceTree = "<group>";
		};
		C62C3E3C2BE0902600F0B800 /* Products */ = {
			isa = PBXGroup;
			children = (
				C62C3E3B2BE0902600F0B800 /* bankApp.app */,
			);
			name = Products;
			sourceTree = "<group>";
		};
		C62C3E3D2BE0902600F0B800 /* bankApp */ = {
			isa = PBXGroup;
			children = (
				C62C3E582BE275FD00F0B800 /* Views */,
				C62C3E552BE2723300F0B800 /* Models */,
				C62C3E522BE26FAC00F0B800 /* Components */,
				C62C3E3E2BE0902600F0B800 /* bankAppApp.swift */,
				C62C3E402BE0902600F0B800 /* LoginView.swift */,
				806B31AB2BECD8F400BB816B /* ProfileRowView.swift */,
				805FE5BE2BEDBF21009E83BB /* CircularProfileImageView.swift */,
				805581932BEDCE8600C35551 /* Services */,
				C62C3E422BE0902A00F0B800 /* Assets.xcassets */,
				C62C3E5F2BE27C2F00F0B800 /* GoogleService-Info.plist */,
				C62C3E442BE0902A00F0B800 /* Preview Content */,
			);
			path = bankApp;
			sourceTree = "<group>";
		};
		C62C3E442BE0902A00F0B800 /* Preview Content */ = {
			isa = PBXGroup;
			children = (
				C62C3E452BE0902A00F0B800 /* Preview Assets.xcassets */,
			);
			path = "Preview Content";
			sourceTree = "<group>";
		};
		C62C3E522BE26FAC00F0B800 /* Components */ = {
			isa = PBXGroup;
			children = (
				C62C3E532BE26FBC00F0B800 /* InputsView.swift */,
			);
			path = Components;
			sourceTree = "<group>";
		};
		C62C3E552BE2723300F0B800 /* Models */ = {
			isa = PBXGroup;
			children = (
				C62C3E6E2BE27E2100F0B800 /* AuthViewModel.swift */,
				805FE5C02BEDC1AC009E83BB /* EditProfileViewModel.swift */,
				C62C3E702BE27F6E00F0B800 /* User.swift */,
			);
			path = Models;
			sourceTree = "<group>";
		};
		C62C3E582BE275FD00F0B800 /* Views */ = {
			isa = PBXGroup;
			children = (
				C62C3E592BE2761500F0B800 /* RegistrationView.swift */,
				C62C3E722BE28ABA00F0B800 /* TempDashboardView.swift */,
				806B31A92BECD8BA00BB816B /* ProfileView.swift */,
				806B31AD2BECD93200BB816B /* EditProfileView.swift */,
			);
			path = Views;
			sourceTree = "<group>";
		};
/* End PBXGroup section */

/* Begin PBXNativeTarget section */
		C62C3E3A2BE0902600F0B800 /* bankApp */ = {
			isa = PBXNativeTarget;
			buildConfigurationList = C62C3E492BE0902A00F0B800 /* Build configuration list for PBXNativeTarget "bankApp" */;
			buildPhases = (
				C62C3E372BE0902600F0B800 /* Sources */,
				C62C3E382BE0902600F0B800 /* Frameworks */,
				C62C3E392BE0902600F0B800 /* Resources */,
			);
			buildRules = (
			);
			dependencies = (
			);
			name = bankApp;
			packageProductDependencies = (
				C62C3E622BE27D9100F0B800 /* FirebaseAuth */,
				C62C3E642BE27D9100F0B800 /* FirebaseFirestore */,
				C62C3E662BE27D9100F0B800 /* FirebaseFirestoreSwift */,
				C62C3E682BE27D9100F0B800 /* FirebaseFunctions */,
				C62C3E6A2BE27D9100F0B800 /* FirebaseInstallations */,
				C62C3E6C2BE27D9100F0B800 /* FirebaseStorage */,
			);
			productName = bankApp;
			productReference = C62C3E3B2BE0902600F0B800 /* bankApp.app */;
			productType = "com.apple.product-type.application";
		};
/* End PBXNativeTarget section */

/* Begin PBXProject section */
		C62C3E332BE0902600F0B800 /* Project object */ = {
			isa = PBXProject;
			attributes = {
				BuildIndependentTargetsInParallel = 1;
				LastSwiftUpdateCheck = 1530;
				LastUpgradeCheck = 1530;
				TargetAttributes = {
					C62C3E3A2BE0902600F0B800 = {
						CreatedOnToolsVersion = 15.3;
					};
				};
			};
			buildConfigurationList = C62C3E362BE0902600F0B800 /* Build configuration list for PBXProject "bankApp" */;
			compatibilityVersion = "Xcode 14.0";
			developmentRegion = en;
			hasScannedForEncodings = 0;
			knownRegions = (
				en,
				Base,
			);
			mainGroup = C62C3E322BE0902600F0B800;
			packageReferences = (
				C62C3E612BE27D9100F0B800 /* XCRemoteSwiftPackageReference "firebase-ios-sdk" */,
			);
			productRefGroup = C62C3E3C2BE0902600F0B800 /* Products */;
			projectDirPath = "";
			projectRoot = "";
			targets = (
				C62C3E3A2BE0902600F0B800 /* bankApp */,
			);
		};
/* End PBXProject section */

/* Begin PBXResourcesBuildPhase section */
		C62C3E392BE0902600F0B800 /* Resources */ = {
			isa = PBXResourcesBuildPhase;
			buildActionMask = 2147483647;
			files = (
				C62C3E462BE0902A00F0B800 /* Preview Assets.xcassets in Resources */,
				C62C3E432BE0902A00F0B800 /* Assets.xcassets in Resources */,
				C62C3E602BE27C2F00F0B800 /* GoogleService-Info.plist in Resources */,
			);
			runOnlyForDeploymentPostprocessing = 0;
		};
/* End PBXResourcesBuildPhase section */

/* Begin PBXSourcesBuildPhase section */
		C62C3E372BE0902600F0B800 /* Sources */ = {
			isa = PBXSourcesBuildPhase;
			buildActionMask = 2147483647;
			files = (
				805581972BEDD1FA00C35551 /* UserService.swift in Sources */,
				805FE5C12BEDC1AC009E83BB /* EditProfileViewModel.swift in Sources */,
				806B31AE2BECD93200BB816B /* EditProfileView.swift in Sources */,
				806B31AA2BECD8BA00BB816B /* ProfileView.swift in Sources */,
				805FE5BF2BEDBF21009E83BB /* CircularProfileImageView.swift in Sources */,
				C62C3E412BE0902600F0B800 /* LoginView.swift in Sources */,
				805581952BEDCE9A00C35551 /* ImageUploader.swift in Sources */,
				C62C3E6F2BE27E2100F0B800 /* AuthViewModel.swift in Sources */,
				C62C3E712BE27F6E00F0B800 /* User.swift in Sources */,
				C62C3E542BE26FBC00F0B800 /* InputsView.swift in Sources */,
				C62C3E732BE28ABA00F0B800 /* TempDashboardView.swift in Sources */,
				C62C3E3F2BE0902600F0B800 /* bankAppApp.swift in Sources */,
				806B31AC2BECD8F400BB816B /* ProfileRowView.swift in Sources */,
				C62C3E5A2BE2761500F0B800 /* RegistrationView.swift in Sources */,
			);
			runOnlyForDeploymentPostprocessing = 0;
		};
/* End PBXSourcesBuildPhase section */

/* Begin XCBuildConfiguration section */
		C62C3E472BE0902A00F0B800 /* Debug */ = {
			isa = XCBuildConfiguration;
			buildSettings = {
				ALWAYS_SEARCH_USER_PATHS = NO;
				ASSETCATALOG_COMPILER_GENERATE_SWIFT_ASSET_SYMBOL_EXTENSIONS = YES;
				CLANG_ANALYZER_NONNULL = YES;
				CLANG_ANALYZER_NUMBER_OBJECT_CONVERSION = YES_AGGRESSIVE;
				CLANG_CXX_LANGUAGE_STANDARD = "gnu++20";
				CLANG_ENABLE_MODULES = YES;
				CLANG_ENABLE_OBJC_ARC = YES;
				CLANG_ENABLE_OBJC_WEAK = YES;
				CLANG_WARN_BLOCK_CAPTURE_AUTORELEASING = YES;
				CLANG_WARN_BOOL_CONVERSION = YES;
				CLANG_WARN_COMMA = YES;
				CLANG_WARN_CONSTANT_CONVERSION = YES;
				CLANG_WARN_DEPRECATED_OBJC_IMPLEMENTATIONS = YES;
				CLANG_WARN_DIRECT_OBJC_ISA_USAGE = YES_ERROR;
				CLANG_WARN_DOCUMENTATION_COMMENTS = YES;
				CLANG_WARN_EMPTY_BODY = YES;
				CLANG_WARN_ENUM_CONVERSION = YES;
				CLANG_WARN_INFINITE_RECURSION = YES;
				CLANG_WARN_INT_CONVERSION = YES;
				CLANG_WARN_NON_LITERAL_NULL_CONVERSION = YES;
				CLANG_WARN_OBJC_IMPLICIT_RETAIN_SELF = YES;
				CLANG_WARN_OBJC_LITERAL_CONVERSION = YES;
				CLANG_WARN_OBJC_ROOT_CLASS = YES_ERROR;
				CLANG_WARN_QUOTED_INCLUDE_IN_FRAMEWORK_HEADER = YES;
				CLANG_WARN_RANGE_LOOP_ANALYSIS = YES;
				CLANG_WARN_STRICT_PROTOTYPES = YES;
				CLANG_WARN_SUSPICIOUS_MOVE = YES;
				CLANG_WARN_UNGUARDED_AVAILABILITY = YES_AGGRESSIVE;
				CLANG_WARN_UNREACHABLE_CODE = YES;
				CLANG_WARN__DUPLICATE_METHOD_MATCH = YES;
				COPY_PHASE_STRIP = NO;
				DEBUG_INFORMATION_FORMAT = dwarf;
				ENABLE_STRICT_OBJC_MSGSEND = YES;
				ENABLE_TESTABILITY = YES;
				ENABLE_USER_SCRIPT_SANDBOXING = YES;
				GCC_C_LANGUAGE_STANDARD = gnu17;
				GCC_DYNAMIC_NO_PIC = NO;
				GCC_NO_COMMON_BLOCKS = YES;
				GCC_OPTIMIZATION_LEVEL = 0;
				GCC_PREPROCESSOR_DEFINITIONS = (
					"DEBUG=1",
					"$(inherited)",
				);
				GCC_WARN_64_TO_32_BIT_CONVERSION = YES;
				GCC_WARN_ABOUT_RETURN_TYPE = YES_ERROR;
				GCC_WARN_UNDECLARED_SELECTOR = YES;
				GCC_WARN_UNINITIALIZED_AUTOS = YES_AGGRESSIVE;
				GCC_WARN_UNUSED_FUNCTION = YES;
				GCC_WARN_UNUSED_VARIABLE = YES;
				IPHONEOS_DEPLOYMENT_TARGET = 17.4;
				LOCALIZATION_PREFERS_STRING_CATALOGS = YES;
				MTL_ENABLE_DEBUG_INFO = INCLUDE_SOURCE;
				MTL_FAST_MATH = YES;
				ONLY_ACTIVE_ARCH = YES;
				SDKROOT = iphoneos;
				SWIFT_ACTIVE_COMPILATION_CONDITIONS = "DEBUG $(inherited)";
				SWIFT_OPTIMIZATION_LEVEL = "-Onone";
			};
			name = Debug;
		};
		C62C3E482BE0902A00F0B800 /* Release */ = {
			isa = XCBuildConfiguration;
			buildSettings = {
				ALWAYS_SEARCH_USER_PATHS = NO;
				ASSETCATALOG_COMPILER_GENERATE_SWIFT_ASSET_SYMBOL_EXTENSIONS = YES;
				CLANG_ANALYZER_NONNULL = YES;
				CLANG_ANALYZER_NUMBER_OBJECT_CONVERSION = YES_AGGRESSIVE;
				CLANG_CXX_LANGUAGE_STANDARD = "gnu++20";
				CLANG_ENABLE_MODULES = YES;
				CLANG_ENABLE_OBJC_ARC = YES;
				CLANG_ENABLE_OBJC_WEAK = YES;
				CLANG_WARN_BLOCK_CAPTURE_AUTORELEASING = YES;
				CLANG_WARN_BOOL_CONVERSION = YES;
				CLANG_WARN_COMMA = YES;
				CLANG_WARN_CONSTANT_CONVERSION = YES;
				CLANG_WARN_DEPRECATED_OBJC_IMPLEMENTATIONS = YES;
				CLANG_WARN_DIRECT_OBJC_ISA_USAGE = YES_ERROR;
				CLANG_WARN_DOCUMENTATION_COMMENTS = YES;
				CLANG_WARN_EMPTY_BODY = YES;
				CLANG_WARN_ENUM_CONVERSION = YES;
				CLANG_WARN_INFINITE_RECURSION = YES;
				CLANG_WARN_INT_CONVERSION = YES;
				CLANG_WARN_NON_LITERAL_NULL_CONVERSION = YES;
				CLANG_WARN_OBJC_IMPLICIT_RETAIN_SELF = YES;
				CLANG_WARN_OBJC_LITERAL_CONVERSION = YES;
				CLANG_WARN_OBJC_ROOT_CLASS = YES_ERROR;
				CLANG_WARN_QUOTED_INCLUDE_IN_FRAMEWORK_HEADER = YES;
				CLANG_WARN_RANGE_LOOP_ANALYSIS = YES;
				CLANG_WARN_STRICT_PROTOTYPES = YES;
				CLANG_WARN_SUSPICIOUS_MOVE = YES;
				CLANG_WARN_UNGUARDED_AVAILABILITY = YES_AGGRESSIVE;
				CLANG_WARN_UNREACHABLE_CODE = YES;
				CLANG_WARN__DUPLICATE_METHOD_MATCH = YES;
				COPY_PHASE_STRIP = NO;
				DEBUG_INFORMATION_FORMAT = "dwarf-with-dsym";
				ENABLE_NS_ASSERTIONS = NO;
				ENABLE_STRICT_OBJC_MSGSEND = YES;
				ENABLE_USER_SCRIPT_SANDBOXING = YES;
				GCC_C_LANGUAGE_STANDARD = gnu17;
				GCC_NO_COMMON_BLOCKS = YES;
				GCC_WARN_64_TO_32_BIT_CONVERSION = YES;
				GCC_WARN_ABOUT_RETURN_TYPE = YES_ERROR;
				GCC_WARN_UNDECLARED_SELECTOR = YES;
				GCC_WARN_UNINITIALIZED_AUTOS = YES_AGGRESSIVE;
				GCC_WARN_UNUSED_FUNCTION = YES;
				GCC_WARN_UNUSED_VARIABLE = YES;
				IPHONEOS_DEPLOYMENT_TARGET = 17.4;
				LOCALIZATION_PREFERS_STRING_CATALOGS = YES;
				MTL_ENABLE_DEBUG_INFO = NO;
				MTL_FAST_MATH = YES;
				SDKROOT = iphoneos;
				SWIFT_COMPILATION_MODE = wholemodule;
				VALIDATE_PRODUCT = YES;
			};
			name = Release;
		};
		C62C3E4A2BE0902A00F0B800 /* Debug */ = {
			isa = XCBuildConfiguration;
			buildSettings = {
				ASSETCATALOG_COMPILER_APPICON_NAME = AppIcon;
				ASSETCATALOG_COMPILER_GLOBAL_ACCENT_COLOR_NAME = AccentColor;
				CODE_SIGN_STYLE = Automatic;
				CURRENT_PROJECT_VERSION = 1;
				DEVELOPMENT_ASSET_PATHS = "\"bankApp/Preview Content\"";
				ENABLE_PREVIEWS = YES;
				GENERATE_INFOPLIST_FILE = YES;
				INFOPLIST_KEY_UIApplicationSceneManifest_Generation = YES;
				INFOPLIST_KEY_UIApplicationSupportsIndirectInputEvents = YES;
				INFOPLIST_KEY_UILaunchScreen_Generation = YES;
				INFOPLIST_KEY_UISupportedInterfaceOrientations_iPad = "UIInterfaceOrientationPortrait UIInterfaceOrientationPortraitUpsideDown UIInterfaceOrientationLandscapeLeft UIInterfaceOrientationLandscapeRight";
				INFOPLIST_KEY_UISupportedInterfaceOrientations_iPhone = "UIInterfaceOrientationPortrait UIInterfaceOrientationLandscapeLeft UIInterfaceOrientationLandscapeRight";
				LD_RUNPATH_SEARCH_PATHS = (
					"$(inherited)",
					"@executable_path/Frameworks",
				);
				MARKETING_VERSION = 1.0;
				PRODUCT_BUNDLE_IDENTIFIER = com.assignment.bankApp;
				PRODUCT_NAME = "$(TARGET_NAME)";
				SWIFT_EMIT_LOC_STRINGS = YES;
				SWIFT_VERSION = 5.0;
				TARGETED_DEVICE_FAMILY = "1,2";
			};
			name = Debug;
		};
		C62C3E4B2BE0902A00F0B800 /* Release */ = {
			isa = XCBuildConfiguration;
			buildSettings = {
				ASSETCATALOG_COMPILER_APPICON_NAME = AppIcon;
				ASSETCATALOG_COMPILER_GLOBAL_ACCENT_COLOR_NAME = AccentColor;
				CODE_SIGN_STYLE = Automatic;
				CURRENT_PROJECT_VERSION = 1;
				DEVELOPMENT_ASSET_PATHS = "\"bankApp/Preview Content\"";
				ENABLE_PREVIEWS = YES;
				GENERATE_INFOPLIST_FILE = YES;
				INFOPLIST_KEY_UIApplicationSceneManifest_Generation = YES;
				INFOPLIST_KEY_UIApplicationSupportsIndirectInputEvents = YES;
				INFOPLIST_KEY_UILaunchScreen_Generation = YES;
				INFOPLIST_KEY_UISupportedInterfaceOrientations_iPad = "UIInterfaceOrientationPortrait UIInterfaceOrientationPortraitUpsideDown UIInterfaceOrientationLandscapeLeft UIInterfaceOrientationLandscapeRight";
				INFOPLIST_KEY_UISupportedInterfaceOrientations_iPhone = "UIInterfaceOrientationPortrait UIInterfaceOrientationLandscapeLeft UIInterfaceOrientationLandscapeRight";
				LD_RUNPATH_SEARCH_PATHS = (
					"$(inherited)",
					"@executable_path/Frameworks",
				);
				MARKETING_VERSION = 1.0;
				PRODUCT_BUNDLE_IDENTIFIER = com.assignment.bankApp;
				PRODUCT_NAME = "$(TARGET_NAME)";
				SWIFT_EMIT_LOC_STRINGS = YES;
				SWIFT_VERSION = 5.0;
				TARGETED_DEVICE_FAMILY = "1,2";
			};
			name = Release;
		};
/* End XCBuildConfiguration section */

/* Begin XCConfigurationList section */
		C62C3E362BE0902600F0B800 /* Build configuration list for PBXProject "bankApp" */ = {
			isa = XCConfigurationList;
			buildConfigurations = (
				C62C3E472BE0902A00F0B800 /* Debug */,
				C62C3E482BE0902A00F0B800 /* Release */,
			);
			defaultConfigurationIsVisible = 0;
			defaultConfigurationName = Release;
		};
		C62C3E492BE0902A00F0B800 /* Build configuration list for PBXNativeTarget "bankApp" */ = {
			isa = XCConfigurationList;
			buildConfigurations = (
				C62C3E4A2BE0902A00F0B800 /* Debug */,
				C62C3E4B2BE0902A00F0B800 /* Release */,
			);
			defaultConfigurationIsVisible = 0;
			defaultConfigurationName = Release;
		};
/* End XCConfigurationList section */

/* Begin XCRemoteSwiftPackageReference section */
		C62C3E612BE27D9100F0B800 /* XCRemoteSwiftPackageReference "firebase-ios-sdk" */ = {
			isa = XCRemoteSwiftPackageReference;
			repositoryURL = "https://github.com/firebase/firebase-ios-sdk";
			requirement = {
				kind = upToNextMajorVersion;
				minimumVersion = 10.25.0;
			};
		};
/* End XCRemoteSwiftPackageReference section */

/* Begin XCSwiftPackageProductDependency section */
		C62C3E622BE27D9100F0B800 /* FirebaseAuth */ = {
			isa = XCSwiftPackageProductDependency;
			package = C62C3E612BE27D9100F0B800 /* XCRemoteSwiftPackageReference "firebase-ios-sdk" */;
			productName = FirebaseAuth;
		};
		C62C3E642BE27D9100F0B800 /* FirebaseFirestore */ = {
			isa = XCSwiftPackageProductDependency;
			package = C62C3E612BE27D9100F0B800 /* XCRemoteSwiftPackageReference "firebase-ios-sdk" */;
			productName = FirebaseFirestore;
		};
		C62C3E662BE27D9100F0B800 /* FirebaseFirestoreSwift */ = {
			isa = XCSwiftPackageProductDependency;
			package = C62C3E612BE27D9100F0B800 /* XCRemoteSwiftPackageReference "firebase-ios-sdk" */;
			productName = FirebaseFirestoreSwift;
		};
		C62C3E682BE27D9100F0B800 /* FirebaseFunctions */ = {
			isa = XCSwiftPackageProductDependency;
			package = C62C3E612BE27D9100F0B800 /* XCRemoteSwiftPackageReference "firebase-ios-sdk" */;
			productName = FirebaseFunctions;
		};
		C62C3E6A2BE27D9100F0B800 /* FirebaseInstallations */ = {
			isa = XCSwiftPackageProductDependency;
			package = C62C3E612BE27D9100F0B800 /* XCRemoteSwiftPackageReference "firebase-ios-sdk" */;
			productName = FirebaseInstallations;
		};
		C62C3E6C2BE27D9100F0B800 /* FirebaseStorage */ = {
			isa = XCSwiftPackageProductDependency;
			package = C62C3E612BE27D9100F0B800 /* XCRemoteSwiftPackageReference "firebase-ios-sdk" */;
			productName = FirebaseStorage;
		};
/* End XCSwiftPackageProductDependency section */
	};
	rootObject = C62C3E332BE0902600F0B800 /* Project object */;
}
