// !$*UTF8*$!
{
	archiveVersion = 1;
	classes = {
	};
	objectVersion = 56;
	objects = {

/* Begin PBXBuildFile section */
		C62C3E3F2BE0902600F0B800 /* bankAppApp.swift in Sources */ = {isa = PBXBuildFile; fileRef = C62C3E3E2BE0902600F0B800 /* bankAppApp.swift */; };
		C62C3E412BE0902600F0B800 /* ContentView.swift in Sources */ = {isa = PBXBuildFile; fileRef = C62C3E402BE0902600F0B800 /* ContentView.swift */; };
		C62C3E432BE0902A00F0B800 /* Assets.xcassets in Resources */ = {isa = PBXBuildFile; fileRef = C62C3E422BE0902A00F0B800 /* Assets.xcassets */; };
		C62C3E462BE0902A00F0B800 /* Preview Assets.xcassets in Resources */ = {isa = PBXBuildFile; fileRef = C62C3E452BE0902A00F0B800 /* Preview Assets.xcassets */; };
		D4711F172BE0944A00090091 /* PayView.swift in Sources */ = {isa = PBXBuildFile; fileRef = D4711F162BE0944A00090091 /* PayView.swift */; };
		D4711F192BE094D100090091 /* PayViewModel.swift in Sources */ = {isa = PBXBuildFile; fileRef = D4711F182BE094D100090091 /* PayViewModel.swift */; };
		D4711F1B2BE0959800090091 /* DepositView.swift in Sources */ = {isa = PBXBuildFile; fileRef = D4711F1A2BE0959800090091 /* DepositView.swift */; };
		D4711F1D2BE095A400090091 /* DepositViewModel.swift in Sources */ = {isa = PBXBuildFile; fileRef = D4711F1C2BE095A400090091 /* DepositViewModel.swift */; };
		D4711F1F2BE095B300090091 /* TransferView.swift in Sources */ = {isa = PBXBuildFile; fileRef = D4711F1E2BE095B300090091 /* TransferView.swift */; };
		D4711F212BE095BC00090091 /* TransferViewModel.swift in Sources */ = {isa = PBXBuildFile; fileRef = D4711F202BE095BC00090091 /* TransferViewModel.swift */; };
/* End PBXBuildFile section */

/* Begin PBXFileReference section */
		C62C3E3B2BE0902600F0B800 /* bankApp.app */ = {isa = PBXFileReference; explicitFileType = wrapper.application; includeInIndex = 0; path = bankApp.app; sourceTree = BUILT_PRODUCTS_DIR; };
		C62C3E3E2BE0902600F0B800 /* bankAppApp.swift */ = {isa = PBXFileReference; lastKnownFileType = sourcecode.swift; path = bankAppApp.swift; sourceTree = "<group>"; };
		C62C3E402BE0902600F0B800 /* ContentView.swift */ = {isa = PBXFileReference; lastKnownFileType = sourcecode.swift; path = ContentView.swift; sourceTree = "<group>"; };
		C62C3E422BE0902A00F0B800 /* Assets.xcassets */ = {isa = PBXFileReference; lastKnownFileType = folder.assetcatalog; path = Assets.xcassets; sourceTree = "<group>"; };
		C62C3E452BE0902A00F0B800 /* Preview Assets.xcassets */ = {isa = PBXFileReference; lastKnownFileType = folder.assetcatalog; path = "Preview Assets.xcassets"; sourceTree = "<group>"; };
		D4711F162BE0944A00090091 /* PayView.swift */ = {isa = PBXFileReference; lastKnownFileType = sourcecode.swift; path = PayView.swift; sourceTree = "<group>"; };
		D4711F182BE094D100090091 /* PayViewModel.swift */ = {isa = PBXFileReference; lastKnownFileType = sourcecode.swift; path = PayViewModel.swift; sourceTree = "<group>"; };
		D4711F1A2BE0959800090091 /* DepositView.swift */ = {isa = PBXFileReference; lastKnownFileType = sourcecode.swift; path = DepositView.swift; sourceTree = "<group>"; };
		D4711F1C2BE095A400090091 /* DepositViewModel.swift */ = {isa = PBXFileReference; lastKnownFileType = sourcecode.swift; path = DepositViewModel.swift; sourceTree = "<group>"; };
		D4711F1E2BE095B300090091 /* TransferView.swift */ = {isa = PBXFileReference; lastKnownFileType = sourcecode.swift; path = TransferView.swift; sourceTree = "<group>"; };
		D4711F202BE095BC00090091 /* TransferViewModel.swift */ = {isa = PBXFileReference; lastKnownFileType = sourcecode.swift; path = TransferViewModel.swift; sourceTree = "<group>"; };
/* End PBXFileReference section */

/* Begin PBXFrameworksBuildPhase section */
		C62C3E382BE0902600F0B800 /* Frameworks */ = {
			isa = PBXFrameworksBuildPhase;
			buildActionMask = 2147483647;
			files = (
			);
			runOnlyForDeploymentPostprocessing = 0;
		};
/* End PBXFrameworksBuildPhase section */

/* Begin PBXGroup section */
		C62C3E322BE0902600F0B800 = {
			isa = PBXGroup;
			children = (
				C62C3E3D2BE0902600F0B800 /* bankApp */,
				C62C3E3C2BE0902600F0B800 /* Products */,
			);
			sourceTree = "<group>";
		};
		C62C3E3C2BE0902600F0B800 /* Products */ = {
			isa = PBXGroup;
			children = (
				C62C3E3B2BE0902600F0B800 /* bankApp.app */,
			);
			name = Products;
			sourceTree = "<group>";
		};
		C62C3E3D2BE0902600F0B800 /* bankApp */ = {
			isa = PBXGroup;
			children = (
				C62C3E3E2BE0902600F0B800 /* bankAppApp.swift */,
				C62C3E402BE0902600F0B800 /* ContentView.swift */,
				D4711F162BE0944A00090091 /* PayView.swift */,
				D4711F182BE094D100090091 /* PayViewModel.swift */,
				D4711F1A2BE0959800090091 /* DepositView.swift */,
				D4711F1C2BE095A400090091 /* DepositViewModel.swift */,
				D4711F1E2BE095B300090091 /* TransferView.swift */,
				D4711F202BE095BC00090091 /* TransferViewModel.swift */,
				C62C3E422BE0902A00F0B800 /* Assets.xcassets */,
				C62C3E442BE0902A00F0B800 /* Preview Content */,
			);
			path = bankApp;
			sourceTree = "<group>";
		};
		C62C3E442BE0902A00F0B800 /* Preview Content */ = {
			isa = PBXGroup;
			children = (
				C62C3E452BE0902A00F0B800 /* Preview Assets.xcassets */,
			);
			path = "Preview Content";
			sourceTree = "<group>";
		};
/* End PBXGroup section */

/* Begin PBXNativeTarget section */
		C62C3E3A2BE0902600F0B800 /* bankApp */ = {
			isa = PBXNativeTarget;
			buildConfigurationList = C62C3E492BE0902A00F0B800 /* Build configuration list for PBXNativeTarget "bankApp" */;
			buildPhases = (
				C62C3E372BE0902600F0B800 /* Sources */,
				C62C3E382BE0902600F0B800 /* Frameworks */,
				C62C3E392BE0902600F0B800 /* Resources */,
			);
			buildRules = (
			);
			dependencies = (
			);
			name = bankApp;
			productName = bankApp;
			productReference = C62C3E3B2BE0902600F0B800 /* bankApp.app */;
			productType = "com.apple.product-type.application";
		};
/* End PBXNativeTarget section */

/* Begin PBXProject section */
		C62C3E332BE0902600F0B800 /* Project object */ = {
			isa = PBXProject;
			attributes = {
				BuildIndependentTargetsInParallel = 1;
				LastSwiftUpdateCheck = 1530;
				LastUpgradeCheck = 1530;
				TargetAttributes = {
					C62C3E3A2BE0902600F0B800 = {
						CreatedOnToolsVersion = 15.3;
					};
				};
			};
			buildConfigurationList = C62C3E362BE0902600F0B800 /* Build configuration list for PBXProject "bankApp" */;
			compatibilityVersion = "Xcode 14.0";
			developmentRegion = en;
			hasScannedForEncodings = 0;
			knownRegions = (
				en,
				Base,
			);
			mainGroup = C62C3E322BE0902600F0B800;
			productRefGroup = C62C3E3C2BE0902600F0B800 /* Products */;
			projectDirPath = "";
			projectRoot = "";
			targets = (
				C62C3E3A2BE0902600F0B800 /* bankApp */,
			);
		};
/* End PBXProject section */

/* Begin PBXResourcesBuildPhase section */
		C62C3E392BE0902600F0B800 /* Resources */ = {
			isa = PBXResourcesBuildPhase;
			buildActionMask = 2147483647;
			files = (
				C62C3E462BE0902A00F0B800 /* Preview Assets.xcassets in Resources */,
				C62C3E432BE0902A00F0B800 /* Assets.xcassets in Resources */,
			);
			runOnlyForDeploymentPostprocessing = 0;
		};
/* End PBXResourcesBuildPhase section */

/* Begin PBXSourcesBuildPhase section */
		C62C3E372BE0902600F0B800 /* Sources */ = {
			isa = PBXSourcesBuildPhase;
			buildActionMask = 2147483647;
			files = (
				D4711F172BE0944A00090091 /* PayView.swift in Sources */,
				C62C3E412BE0902600F0B800 /* ContentView.swift in Sources */,
				C62C3E3F2BE0902600F0B800 /* bankAppApp.swift in Sources */,
				D4711F212BE095BC00090091 /* TransferViewModel.swift in Sources */,
				D4711F192BE094D100090091 /* PayViewModel.swift in Sources */,
				D4711F1B2BE0959800090091 /* DepositView.swift in Sources */,
				D4711F1D2BE095A400090091 /* DepositViewModel.swift in Sources */,
				D4711F1F2BE095B300090091 /* TransferView.swift in Sources */,
			);
			runOnlyForDeploymentPostprocessing = 0;
		};
/* End PBXSourcesBuildPhase section */

/* Begin XCBuildConfiguration section */
		C62C3E472BE0902A00F0B800 /* Debug */ = {
			isa = XCBuildConfiguration;
			buildSettings = {
				ALWAYS_SEARCH_USER_PATHS = NO;
				ASSETCATALOG_COMPILER_GENERATE_SWIFT_ASSET_SYMBOL_EXTENSIONS = YES;
				CLANG_ANALYZER_NONNULL = YES;
				CLANG_ANALYZER_NUMBER_OBJECT_CONVERSION = YES_AGGRESSIVE;
				CLANG_CXX_LANGUAGE_STANDARD = "gnu++20";
				CLANG_ENABLE_MODULES = YES;
				CLANG_ENABLE_OBJC_ARC = YES;
				CLANG_ENABLE_OBJC_WEAK = YES;
				CLANG_WARN_BLOCK_CAPTURE_AUTORELEASING = YES;
				CLANG_WARN_BOOL_CONVERSION = YES;
				CLANG_WARN_COMMA = YES;
				CLANG_WARN_CONSTANT_CONVERSION = YES;
				CLANG_WARN_DEPRECATED_OBJC_IMPLEMENTATIONS = YES;
				CLANG_WARN_DIRECT_OBJC_ISA_USAGE = YES_ERROR;
				CLANG_WARN_DOCUMENTATION_COMMENTS = YES;
				CLANG_WARN_EMPTY_BODY = YES;
				CLANG_WARN_ENUM_CONVERSION = YES;
				CLANG_WARN_INFINITE_RECURSION = YES;
				CLANG_WARN_INT_CONVERSION = YES;
				CLANG_WARN_NON_LITERAL_NULL_CONVERSION = YES;
				CLANG_WARN_OBJC_IMPLICIT_RETAIN_SELF = YES;
				CLANG_WARN_OBJC_LITERAL_CONVERSION = YES;
				CLANG_WARN_OBJC_ROOT_CLASS = YES_ERROR;
				CLANG_WARN_QUOTED_INCLUDE_IN_FRAMEWORK_HEADER = YES;
				CLANG_WARN_RANGE_LOOP_ANALYSIS = YES;
				CLANG_WARN_STRICT_PROTOTYPES = YES;
				CLANG_WARN_SUSPICIOUS_MOVE = YES;
				CLANG_WARN_UNGUARDED_AVAILABILITY = YES_AGGRESSIVE;
				CLANG_WARN_UNREACHABLE_CODE = YES;
				CLANG_WARN__DUPLICATE_METHOD_MATCH = YES;
				COPY_PHASE_STRIP = NO;
				DEBUG_INFORMATION_FORMAT = dwarf;
				ENABLE_STRICT_OBJC_MSGSEND = YES;
				ENABLE_TESTABILITY = YES;
				ENABLE_USER_SCRIPT_SANDBOXING = YES;
				GCC_C_LANGUAGE_STANDARD = gnu17;
				GCC_DYNAMIC_NO_PIC = NO;
				GCC_NO_COMMON_BLOCKS = YES;
				GCC_OPTIMIZATION_LEVEL = 0;
				GCC_PREPROCESSOR_DEFINITIONS = (
					"DEBUG=1",
					"$(inherited)",
				);
				GCC_WARN_64_TO_32_BIT_CONVERSION = YES;
				GCC_WARN_ABOUT_RETURN_TYPE = YES_ERROR;
				GCC_WARN_UNDECLARED_SELECTOR = YES;
				GCC_WARN_UNINITIALIZED_AUTOS = YES_AGGRESSIVE;
				GCC_WARN_UNUSED_FUNCTION = YES;
				GCC_WARN_UNUSED_VARIABLE = YES;
				IPHONEOS_DEPLOYMENT_TARGET = 17.4;
				LOCALIZATION_PREFERS_STRING_CATALOGS = YES;
				MTL_ENABLE_DEBUG_INFO = INCLUDE_SOURCE;
				MTL_FAST_MATH = YES;
				ONLY_ACTIVE_ARCH = YES;
				SDKROOT = iphoneos;
				SWIFT_ACTIVE_COMPILATION_CONDITIONS = "DEBUG $(inherited)";
				SWIFT_OPTIMIZATION_LEVEL = "-Onone";
			};
			name = Debug;
		};
		C62C3E482BE0902A00F0B800 /* Release */ = {
			isa = XCBuildConfiguration;
			buildSettings = {
				ALWAYS_SEARCH_USER_PATHS = NO;
				ASSETCATALOG_COMPILER_GENERATE_SWIFT_ASSET_SYMBOL_EXTENSIONS = YES;
				CLANG_ANALYZER_NONNULL = YES;
				CLANG_ANALYZER_NUMBER_OBJECT_CONVERSION = YES_AGGRESSIVE;
				CLANG_CXX_LANGUAGE_STANDARD = "gnu++20";
				CLANG_ENABLE_MODULES = YES;
				CLANG_ENABLE_OBJC_ARC = YES;
				CLANG_ENABLE_OBJC_WEAK = YES;
				CLANG_WARN_BLOCK_CAPTURE_AUTORELEASING = YES;
				CLANG_WARN_BOOL_CONVERSION = YES;
				CLANG_WARN_COMMA = YES;
				CLANG_WARN_CONSTANT_CONVERSION = YES;
				CLANG_WARN_DEPRECATED_OBJC_IMPLEMENTATIONS = YES;
				CLANG_WARN_DIRECT_OBJC_ISA_USAGE = YES_ERROR;
				CLANG_WARN_DOCUMENTATION_COMMENTS = YES;
				CLANG_WARN_EMPTY_BODY = YES;
				CLANG_WARN_ENUM_CONVERSION = YES;
				CLANG_WARN_INFINITE_RECURSION = YES;
				CLANG_WARN_INT_CONVERSION = YES;
				CLANG_WARN_NON_LITERAL_NULL_CONVERSION = YES;
				CLANG_WARN_OBJC_IMPLICIT_RETAIN_SELF = YES;
				CLANG_WARN_OBJC_LITERAL_CONVERSION = YES;
				CLANG_WARN_OBJC_ROOT_CLASS = YES_ERROR;
				CLANG_WARN_QUOTED_INCLUDE_IN_FRAMEWORK_HEADER = YES;
				CLANG_WARN_RANGE_LOOP_ANALYSIS = YES;
				CLANG_WARN_STRICT_PROTOTYPES = YES;
				CLANG_WARN_SUSPICIOUS_MOVE = YES;
				CLANG_WARN_UNGUARDED_AVAILABILITY = YES_AGGRESSIVE;
				CLANG_WARN_UNREACHABLE_CODE = YES;
				CLANG_WARN__DUPLICATE_METHOD_MATCH = YES;
				COPY_PHASE_STRIP = NO;
				DEBUG_INFORMATION_FORMAT = "dwarf-with-dsym";
				ENABLE_NS_ASSERTIONS = NO;
				ENABLE_STRICT_OBJC_MSGSEND = YES;
				ENABLE_USER_SCRIPT_SANDBOXING = YES;
				GCC_C_LANGUAGE_STANDARD = gnu17;
				GCC_NO_COMMON_BLOCKS = YES;
				GCC_WARN_64_TO_32_BIT_CONVERSION = YES;
				GCC_WARN_ABOUT_RETURN_TYPE = YES_ERROR;
				GCC_WARN_UNDECLARED_SELECTOR = YES;
				GCC_WARN_UNINITIALIZED_AUTOS = YES_AGGRESSIVE;
				GCC_WARN_UNUSED_FUNCTION = YES;
				GCC_WARN_UNUSED_VARIABLE = YES;
				IPHONEOS_DEPLOYMENT_TARGET = 17.4;
				LOCALIZATION_PREFERS_STRING_CATALOGS = YES;
				MTL_ENABLE_DEBUG_INFO = NO;
				MTL_FAST_MATH = YES;
				SDKROOT = iphoneos;
				SWIFT_COMPILATION_MODE = wholemodule;
				VALIDATE_PRODUCT = YES;
			};
			name = Release;
		};
		C62C3E4A2BE0902A00F0B800 /* Debug */ = {
			isa = XCBuildConfiguration;
			buildSettings = {
				ASSETCATALOG_COMPILER_APPICON_NAME = AppIcon;
				ASSETCATALOG_COMPILER_GLOBAL_ACCENT_COLOR_NAME = AccentColor;
				CODE_SIGN_STYLE = Automatic;
				CURRENT_PROJECT_VERSION = 1;
				DEVELOPMENT_ASSET_PATHS = "\"bankApp/Preview Content\"";
				ENABLE_PREVIEWS = YES;
				GENERATE_INFOPLIST_FILE = YES;
				INFOPLIST_KEY_UIApplicationSceneManifest_Generation = YES;
				INFOPLIST_KEY_UIApplicationSupportsIndirectInputEvents = YES;
				INFOPLIST_KEY_UILaunchScreen_Generation = YES;
				INFOPLIST_KEY_UISupportedInterfaceOrientations_iPad = "UIInterfaceOrientationPortrait UIInterfaceOrientationPortraitUpsideDown UIInterfaceOrientationLandscapeLeft UIInterfaceOrientationLandscapeRight";
				INFOPLIST_KEY_UISupportedInterfaceOrientations_iPhone = "UIInterfaceOrientationPortrait UIInterfaceOrientationLandscapeLeft UIInterfaceOrientationLandscapeRight";
				LD_RUNPATH_SEARCH_PATHS = (
					"$(inherited)",
					"@executable_path/Frameworks",
				);
				MARKETING_VERSION = 1.0;
				PRODUCT_BUNDLE_IDENTIFIER = com.assignment.bankApp;
				PRODUCT_NAME = "$(TARGET_NAME)";
				SWIFT_EMIT_LOC_STRINGS = YES;
				SWIFT_VERSION = 5.0;
				TARGETED_DEVICE_FAMILY = "1,2";
			};
			name = Debug;
		};
		C62C3E4B2BE0902A00F0B800 /* Release */ = {
			isa = XCBuildConfiguration;
			buildSettings = {
				ASSETCATALOG_COMPILER_APPICON_NAME = AppIcon;
				ASSETCATALOG_COMPILER_GLOBAL_ACCENT_COLOR_NAME = AccentColor;
				CODE_SIGN_STYLE = Automatic;
				CURRENT_PROJECT_VERSION = 1;
				DEVELOPMENT_ASSET_PATHS = "\"bankApp/Preview Content\"";
				ENABLE_PREVIEWS = YES;
				GENERATE_INFOPLIST_FILE = YES;
				INFOPLIST_KEY_UIApplicationSceneManifest_Generation = YES;
				INFOPLIST_KEY_UIApplicationSupportsIndirectInputEvents = YES;
				INFOPLIST_KEY_UILaunchScreen_Generation = YES;
				INFOPLIST_KEY_UISupportedInterfaceOrientations_iPad = "UIInterfaceOrientationPortrait UIInterfaceOrientationPortraitUpsideDown UIInterfaceOrientationLandscapeLeft UIInterfaceOrientationLandscapeRight";
				INFOPLIST_KEY_UISupportedInterfaceOrientations_iPhone = "UIInterfaceOrientationPortrait UIInterfaceOrientationLandscapeLeft UIInterfaceOrientationLandscapeRight";
				LD_RUNPATH_SEARCH_PATHS = (
					"$(inherited)",
					"@executable_path/Frameworks",
				);
				MARKETING_VERSION = 1.0;
				PRODUCT_BUNDLE_IDENTIFIER = com.assignment.bankApp;
				PRODUCT_NAME = "$(TARGET_NAME)";
				SWIFT_EMIT_LOC_STRINGS = YES;
				SWIFT_VERSION = 5.0;
				TARGETED_DEVICE_FAMILY = "1,2";
			};
			name = Release;
		};
/* End XCBuildConfiguration section */

/* Begin XCConfigurationList section */
		C62C3E362BE0902600F0B800 /* Build configuration list for PBXProject "bankApp" */ = {
			isa = XCConfigurationList;
			buildConfigurations = (
				C62C3E472BE0902A00F0B800 /* Debug */,
				C62C3E482BE0902A00F0B800 /* Release */,
			);
			defaultConfigurationIsVisible = 0;
			defaultConfigurationName = Release;
		};
		C62C3E492BE0902A00F0B800 /* Build configuration list for PBXNativeTarget "bankApp" */ = {
			isa = XCConfigurationList;
			buildConfigurations = (
				C62C3E4A2BE0902A00F0B800 /* Debug */,
				C62C3E4B2BE0902A00F0B800 /* Release */,
			);
			defaultConfigurationIsVisible = 0;
			defaultConfigurationName = Release;
		};
/* End XCConfigurationList section */
	};
	rootObject = C62C3E332BE0902600F0B800 /* Project object */;
}
